
Microsoft Visual Studio Solution File, Format Version 12.00
# Visual Studio Version 16
VisualStudioVersion = 16.0.31624.102
MinimumVisualStudioVersion = 10.0.40219.1
Project("{9A19103F-16F7-4668-BE54-9A1E7A4F7556}") = "Wallpaper", "Wallpaper\Wallpaper.csproj", "{CCB3F650-8250-465E-9923-EF674E69B9EF}"
EndProject
Global
	GlobalSection(SolutionConfigurationPlatforms) = preSolution
		Debug|Any CPU = Debug|Any CPU
		Release|Any CPU = Release|Any CPU
	EndGlobalSection
	GlobalSection(ProjectConfigurationPlatforms) = postSolution
		{CCB3F650-8250-465E-9923-EF674E69B9EF}.Debug|Any CPU.ActiveCfg = Debug|Any CPU
		{CCB3F650-8250-465E-9923-EF674E69B9EF}.Debug|Any CPU.Build.0 = Debug|Any CPU
		{CCB3F650-8250-465E-9923-EF674E69B9EF}.Release|Any CPU.ActiveCfg = Release|Any CPU
		{CCB3F650-8250-465E-9923-EF674E69B9EF}.Release|Any CPU.Build.0 = Release|Any CPU
	EndGlobalSection
	GlobalSection(SolutionProperties) = preSolution
		HideSolutionNode = FALSE
	EndGlobalSection
	GlobalSection(ExtensibilityGlobals) = postSolution
		SolutionGuid = {D947A441-74CD-4573-8620-38BE667D69A1}
	EndGlobalSection
EndGlobal
